
Microsoft Visual Studio Solution File, Format Version 12.00
# Visual Studio Version 17
VisualStudioVersion = 17.0.32014.148
MinimumVisualStudioVersion = 10.0.40219.1
Project("{FAE04EC0-301F-11D3-BF4B-00C04F79EFBC}") = "Bills", "Bills\Bills.csproj", "{AA2F55AD-CEE2-44FD-9EB7-ECF691ABB817}"
EndProject
Global
	GlobalSection(SolutionConfigurationPlatforms) = preSolution
		Debug|Any CPU = Debug|Any CPU
		Release|Any CPU = Release|Any CPU
	EndGlobalSection
	GlobalSection(ProjectConfigurationPlatforms) = postSolution
		{AA2F55AD-CEE2-44FD-9EB7-ECF691ABB817}.Debug|Any CPU.ActiveCfg = Debug|Any CPU
		{AA2F55AD-CEE2-44FD-9EB7-ECF691ABB817}.Debug|Any CPU.Build.0 = Debug|Any CPU
		{AA2F55AD-CEE2-44FD-9EB7-ECF691ABB817}.Release|Any CPU.ActiveCfg = Release|Any CPU
		{AA2F55AD-CEE2-44FD-9EB7-ECF691ABB817}.Release|Any CPU.Build.0 = Release|Any CPU
	EndGlobalSection
	GlobalSection(SolutionProperties) = preSolution
		HideSolutionNode = FALSE
	EndGlobalSection
	GlobalSection(ExtensibilityGlobals) = postSolution
		SolutionGuid = {7173F2B3-DB2D-421B-A96D-3A4E200A02BF}
	EndGlobalSection
EndGlobal
